// !$*UTF8*$!
{
	archiveVersion = 1;
	classes = {
	};
	objectVersion = 56;
	objects = {

/* Begin PBXBuildFile section */
		A259EDF02C5A6695005405FA /* main.c in Sources */ = {isa = PBXBuildFile; fileRef = A259EDEF2C5A6695005405FA /* main.c */; };
		A259EDF82C5A6795005405FA /* OpenGL.framework in Frameworks */ = {isa = PBXBuildFile; fileRef = A259EDF72C5A6795005405FA /* OpenGL.framework */; };
		A259EDFA2C5A679A005405FA /* GLUT.framework in Frameworks */ = {isa = PBXBuildFile; fileRef = A259EDF92C5A679A005405FA /* GLUT.framework */; };
		A259EDFC2C5A8493005405FA /* print_empty_cube.py in Sources */ = {isa = PBXBuildFile; fileRef = A259EDFB2C5A8493005405FA /* print_empty_cube.py */; };
		A259EDFF2C5D08A5005405FA /* cube.c in Sources */ = {isa = PBXBuildFile; fileRef = A259EDFE2C5D08A5005405FA /* cube.c */; };
		A259EE082C5D0D00005405FA /* graphics.c in Sources */ = {isa = PBXBuildFile; fileRef = A259EE072C5D0D00005405FA /* graphics.c */; };
		A259EE0A2C5D0D18005405FA /* board.c in Sources */ = {isa = PBXBuildFile; fileRef = A259EE092C5D0D18005405FA /* board.c */; };
		A259EE0C2C5D1155005405FA /* common.c in Sources */ = {isa = PBXBuildFile; fileRef = A259EE0B2C5D1155005405FA /* common.c */; };
		A259EE0F2C5D13AE005405FA /* camera.c in Sources */ = {isa = PBXBuildFile; fileRef = A259EE0E2C5D13AE005405FA /* camera.c */; };
		A259EE122C5DCDDD005405FA /* game_logic.c in Sources */ = {isa = PBXBuildFile; fileRef = A259EE112C5DCDDD005405FA /* game_logic.c */; };
/* End PBXBuildFile section */

/* Begin PBXCopyFilesBuildPhase section */
		A259EDEA2C5A6695005405FA /* CopyFiles */ = {
			isa = PBXCopyFilesBuildPhase;
			buildActionMask = 2147483647;
			dstPath = /usr/share/man/man1/;
			dstSubfolderSpec = 0;
			files = (
			);
			runOnlyForDeploymentPostprocessing = 1;
		};
/* End PBXCopyFilesBuildPhase section */

/* Begin PBXFileReference section */
		A259EDEC2C5A6695005405FA /* BLOCKUS */ = {isa = PBXFileReference; explicitFileType = "compiled.mach-o.executable"; includeInIndex = 0; path = BLOCKUS; sourceTree = BUILT_PRODUCTS_DIR; };
		A259EDEF2C5A6695005405FA /* main.c */ = {isa = PBXFileReference; lastKnownFileType = sourcecode.c.c; path = main.c; sourceTree = "<group>"; };
		A259EDF72C5A6795005405FA /* OpenGL.framework */ = {isa = PBXFileReference; lastKnownFileType = wrapper.framework; name = OpenGL.framework; path = System/Library/Frameworks/OpenGL.framework; sourceTree = SDKROOT; };
		A259EDF92C5A679A005405FA /* GLUT.framework */ = {isa = PBXFileReference; lastKnownFileType = wrapper.framework; name = GLUT.framework; path = System/Library/Frameworks/GLUT.framework; sourceTree = SDKROOT; };
		A259EDFB2C5A8493005405FA /* print_empty_cube.py */ = {isa = PBXFileReference; lastKnownFileType = text.script.python; path = print_empty_cube.py; sourceTree = "<group>"; };
		A259EDFD2C5D08A5005405FA /* cube.h */ = {isa = PBXFileReference; lastKnownFileType = sourcecode.c.h; path = cube.h; sourceTree = "<group>"; };
		A259EDFE2C5D08A5005405FA /* cube.c */ = {isa = PBXFileReference; lastKnownFileType = sourcecode.c.c; path = cube.c; sourceTree = "<group>"; };
		A259EE002C5D0A6E005405FA /* common.h */ = {isa = PBXFileReference; lastKnownFileType = sourcecode.c.h; path = common.h; sourceTree = "<group>"; };
		A259EE032C5D0B96005405FA /* board.h */ = {isa = PBXFileReference; lastKnownFileType = sourcecode.c.h; path = board.h; sourceTree = "<group>"; };
		A259EE062C5D0D00005405FA /* graphics.h */ = {isa = PBXFileReference; lastKnownFileType = sourcecode.c.h; path = graphics.h; sourceTree = "<group>"; };
		A259EE072C5D0D00005405FA /* graphics.c */ = {isa = PBXFileReference; lastKnownFileType = sourcecode.c.c; path = graphics.c; sourceTree = "<group>"; };
		A259EE092C5D0D18005405FA /* board.c */ = {isa = PBXFileReference; lastKnownFileType = sourcecode.c.c; path = board.c; sourceTree = "<group>"; };
		A259EE0B2C5D1155005405FA /* common.c */ = {isa = PBXFileReference; lastKnownFileType = sourcecode.c.c; path = common.c; sourceTree = "<group>"; };
		A259EE0D2C5D13AE005405FA /* camera.h */ = {isa = PBXFileReference; lastKnownFileType = sourcecode.c.h; path = camera.h; sourceTree = "<group>"; };
		A259EE0E2C5D13AE005405FA /* camera.c */ = {isa = PBXFileReference; lastKnownFileType = sourcecode.c.c; path = camera.c; sourceTree = "<group>"; };
		A259EE102C5DCDDD005405FA /* game_logic.h */ = {isa = PBXFileReference; lastKnownFileType = sourcecode.c.h; path = game_logic.h; sourceTree = "<group>"; };
		A259EE112C5DCDDD005405FA /* game_logic.c */ = {isa = PBXFileReference; lastKnownFileType = sourcecode.c.c; path = game_logic.c; sourceTree = "<group>"; };
/* End PBXFileReference section */

/* Begin PBXFrameworksBuildPhase section */
		A259EDE92C5A6695005405FA /* Frameworks */ = {
			isa = PBXFrameworksBuildPhase;
			buildActionMask = 2147483647;
			files = (
				A259EDFA2C5A679A005405FA /* GLUT.framework in Frameworks */,
				A259EDF82C5A6795005405FA /* OpenGL.framework in Frameworks */,
			);
			runOnlyForDeploymentPostprocessing = 0;
		};
/* End PBXFrameworksBuildPhase section */

/* Begin PBXGroup section */
		A259EDE32C5A6695005405FA = {
			isa = PBXGroup;
			children = (
				A259EDEE2C5A6695005405FA /* BLOCKUS */,
				A259EDED2C5A6695005405FA /* Products */,
				A259EDF62C5A6795005405FA /* Frameworks */,
			);
			sourceTree = "<group>";
		};
		A259EDED2C5A6695005405FA /* Products */ = {
			isa = PBXGroup;
			children = (
				A259EDEC2C5A6695005405FA /* BLOCKUS */,
			);
			name = Products;
			sourceTree = "<group>";
		};
		A259EDEE2C5A6695005405FA /* BLOCKUS */ = {
			isa = PBXGroup;
			children = (
				A259EDEF2C5A6695005405FA /* main.c */,
				A259EDFD2C5D08A5005405FA /* cube.h */,
				A259EDFE2C5D08A5005405FA /* cube.c */,
				A259EE002C5D0A6E005405FA /* common.h */,
				A259EE0B2C5D1155005405FA /* common.c */,
				A259EE032C5D0B96005405FA /* board.h */,
				A259EE092C5D0D18005405FA /* board.c */,
				A259EE062C5D0D00005405FA /* graphics.h */,
				A259EE072C5D0D00005405FA /* graphics.c */,
				A259EE0D2C5D13AE005405FA /* camera.h */,
				A259EE0E2C5D13AE005405FA /* camera.c */,
				A259EE102C5DCDDD005405FA /* game_logic.h */,
				A259EE112C5DCDDD005405FA /* game_logic.c */,
				A259EDFB2C5A8493005405FA /* print_empty_cube.py */,
			);
			path = BLOCKUS;
			sourceTree = "<group>";
		};
		A259EDF62C5A6795005405FA /* Frameworks */ = {
			isa = PBXGroup;
			children = (
				A259EDF92C5A679A005405FA /* GLUT.framework */,
				A259EDF72C5A6795005405FA /* OpenGL.framework */,
			);
			name = Frameworks;
			sourceTree = "<group>";
		};
/* End PBXGroup section */

/* Begin PBXNativeTarget section */
		A259EDEB2C5A6695005405FA /* BLOCKUS */ = {
			isa = PBXNativeTarget;
			buildConfigurationList = A259EDF32C5A6695005405FA /* Build configuration list for PBXNativeTarget "BLOCKUS" */;
			buildPhases = (
				A259EDE82C5A6695005405FA /* Sources */,
				A259EDE92C5A6695005405FA /* Frameworks */,
				A259EDEA2C5A6695005405FA /* CopyFiles */,
			);
			buildRules = (
			);
			dependencies = (
			);
			name = BLOCKUS;
			productName = BLOCKUS;
			productReference = A259EDEC2C5A6695005405FA /* BLOCKUS */;
			productType = "com.apple.product-type.tool";
		};
/* End PBXNativeTarget section */

/* Begin PBXProject section */
		A259EDE42C5A6695005405FA /* Project object */ = {
			isa = PBXProject;
			attributes = {
				BuildIndependentTargetsInParallel = 1;
				LastUpgradeCheck = 1540;
				TargetAttributes = {
					A259EDEB2C5A6695005405FA = {
						CreatedOnToolsVersion = 15.4;
					};
				};
			};
			buildConfigurationList = A259EDE72C5A6695005405FA /* Build configuration list for PBXProject "BLOCKUS" */;
			compatibilityVersion = "Xcode 14.0";
			developmentRegion = en;
			hasScannedForEncodings = 0;
			knownRegions = (
				en,
				Base,
			);
			mainGroup = A259EDE32C5A6695005405FA;
			productRefGroup = A259EDED2C5A6695005405FA /* Products */;
			projectDirPath = "";
			projectRoot = "";
			targets = (
				A259EDEB2C5A6695005405FA /* BLOCKUS */,
			);
		};
/* End PBXProject section */

/* Begin PBXSourcesBuildPhase section */
		A259EDE82C5A6695005405FA /* Sources */ = {
			isa = PBXSourcesBuildPhase;
			buildActionMask = 2147483647;
			files = (
				A259EE0C2C5D1155005405FA /* common.c in Sources */,
				A259EE082C5D0D00005405FA /* graphics.c in Sources */,
				A259EE0F2C5D13AE005405FA /* camera.c in Sources */,
				A259EE0A2C5D0D18005405FA /* board.c in Sources */,
				A259EE122C5DCDDD005405FA /* game_logic.c in Sources */,
				A259EDF02C5A6695005405FA /* main.c in Sources */,
				A259EDFF2C5D08A5005405FA /* cube.c in Sources */,
				A259EDFC2C5A8493005405FA /* print_empty_cube.py in Sources */,
			);
			runOnlyForDeploymentPostprocessing = 0;
		};
/* End PBXSourcesBuildPhase section */

/* Begin XCBuildConfiguration section */
		A259EDF12C5A6695005405FA /* Debug */ = {
			isa = XCBuildConfiguration;
			buildSettings = {
				ALWAYS_SEARCH_USER_PATHS = NO;
				ASSETCATALOG_COMPILER_GENERATE_SWIFT_ASSET_SYMBOL_EXTENSIONS = YES;
				CLANG_ANALYZER_NONNULL = YES;
				CLANG_ANALYZER_NUMBER_OBJECT_CONVERSION = YES_AGGRESSIVE;
				CLANG_CXX_LANGUAGE_STANDARD = "gnu++20";
				CLANG_ENABLE_MODULES = YES;
				CLANG_ENABLE_OBJC_ARC = YES;
				CLANG_ENABLE_OBJC_WEAK = YES;
				CLANG_WARN_BLOCK_CAPTURE_AUTORELEASING = YES;
				CLANG_WARN_BOOL_CONVERSION = YES;
				CLANG_WARN_COMMA = YES;
				CLANG_WARN_CONSTANT_CONVERSION = YES;
				CLANG_WARN_DEPRECATED_OBJC_IMPLEMENTATIONS = YES;
				CLANG_WARN_DIRECT_OBJC_ISA_USAGE = YES_ERROR;
				CLANG_WARN_DOCUMENTATION_COMMENTS = YES;
				CLANG_WARN_EMPTY_BODY = YES;
				CLANG_WARN_ENUM_CONVERSION = YES;
				CLANG_WARN_INFINITE_RECURSION = YES;
				CLANG_WARN_INT_CONVERSION = YES;
				CLANG_WARN_NON_LITERAL_NULL_CONVERSION = YES;
				CLANG_WARN_OBJC_IMPLICIT_RETAIN_SELF = YES;
				CLANG_WARN_OBJC_LITERAL_CONVERSION = YES;
				CLANG_WARN_OBJC_ROOT_CLASS = YES_ERROR;
				CLANG_WARN_QUOTED_INCLUDE_IN_FRAMEWORK_HEADER = YES;
				CLANG_WARN_RANGE_LOOP_ANALYSIS = YES;
				CLANG_WARN_STRICT_PROTOTYPES = YES;
				CLANG_WARN_SUSPICIOUS_MOVE = YES;
				CLANG_WARN_UNGUARDED_AVAILABILITY = YES_AGGRESSIVE;
				CLANG_WARN_UNREACHABLE_CODE = YES;
				CLANG_WARN__DUPLICATE_METHOD_MATCH = YES;
				COPY_PHASE_STRIP = NO;
				DEBUG_INFORMATION_FORMAT = dwarf;
				ENABLE_STRICT_OBJC_MSGSEND = YES;
				ENABLE_TESTABILITY = YES;
				ENABLE_USER_SCRIPT_SANDBOXING = YES;
				GCC_C_LANGUAGE_STANDARD = gnu17;
				GCC_DYNAMIC_NO_PIC = NO;
				GCC_NO_COMMON_BLOCKS = YES;
				GCC_OPTIMIZATION_LEVEL = 0;
				GCC_PREPROCESSOR_DEFINITIONS = (
					"DEBUG=1",
					"$(inherited)",
				);
				GCC_WARN_64_TO_32_BIT_CONVERSION = YES;
				GCC_WARN_ABOUT_RETURN_TYPE = YES_ERROR;
				GCC_WARN_UNDECLARED_SELECTOR = YES;
				GCC_WARN_UNINITIALIZED_AUTOS = YES_AGGRESSIVE;
				GCC_WARN_UNUSED_FUNCTION = YES;
				GCC_WARN_UNUSED_VARIABLE = YES;
				LOCALIZATION_PREFERS_STRING_CATALOGS = YES;
				MACOSX_DEPLOYMENT_TARGET = 14.5;
				MTL_ENABLE_DEBUG_INFO = INCLUDE_SOURCE;
				MTL_FAST_MATH = YES;
				ONLY_ACTIVE_ARCH = YES;
				SDKROOT = macosx;
			};
			name = Debug;
		};
		A259EDF22C5A6695005405FA /* Release */ = {
			isa = XCBuildConfiguration;
			buildSettings = {
				ALWAYS_SEARCH_USER_PATHS = NO;
				ASSETCATALOG_COMPILER_GENERATE_SWIFT_ASSET_SYMBOL_EXTENSIONS = YES;
				CLANG_ANALYZER_NONNULL = YES;
				CLANG_ANALYZER_NUMBER_OBJECT_CONVERSION = YES_AGGRESSIVE;
				CLANG_CXX_LANGUAGE_STANDARD = "gnu++20";
				CLANG_ENABLE_MODULES = YES;
				CLANG_ENABLE_OBJC_ARC = YES;
				CLANG_ENABLE_OBJC_WEAK = YES;
				CLANG_WARN_BLOCK_CAPTURE_AUTORELEASING = YES;
				CLANG_WARN_BOOL_CONVERSION = YES;
				CLANG_WARN_COMMA = YES;
				CLANG_WARN_CONSTANT_CONVERSION = YES;
				CLANG_WARN_DEPRECATED_OBJC_IMPLEMENTATIONS = YES;
				CLANG_WARN_DIRECT_OBJC_ISA_USAGE = YES_ERROR;
				CLANG_WARN_DOCUMENTATION_COMMENTS = YES;
				CLANG_WARN_EMPTY_BODY = YES;
				CLANG_WARN_ENUM_CONVERSION = YES;
				CLANG_WARN_INFINITE_RECURSION = YES;
				CLANG_WARN_INT_CONVERSION = YES;
				CLANG_WARN_NON_LITERAL_NULL_CONVERSION = YES;
				CLANG_WARN_OBJC_IMPLICIT_RETAIN_SELF = YES;
				CLANG_WARN_OBJC_LITERAL_CONVERSION = YES;
				CLANG_WARN_OBJC_ROOT_CLASS = YES_ERROR;
				CLANG_WARN_QUOTED_INCLUDE_IN_FRAMEWORK_HEADER = YES;
				CLANG_WARN_RANGE_LOOP_ANALYSIS = YES;
				CLANG_WARN_STRICT_PROTOTYPES = YES;
				CLANG_WARN_SUSPICIOUS_MOVE = YES;
				CLANG_WARN_UNGUARDED_AVAILABILITY = YES_AGGRESSIVE;
				CLANG_WARN_UNREACHABLE_CODE = YES;
				CLANG_WARN__DUPLICATE_METHOD_MATCH = YES;
				COPY_PHASE_STRIP = NO;
				DEBUG_INFORMATION_FORMAT = "dwarf-with-dsym";
				ENABLE_NS_ASSERTIONS = NO;
				ENABLE_STRICT_OBJC_MSGSEND = YES;
				ENABLE_USER_SCRIPT_SANDBOXING = YES;
				GCC_C_LANGUAGE_STANDARD = gnu17;
				GCC_NO_COMMON_BLOCKS = YES;
				GCC_WARN_64_TO_32_BIT_CONVERSION = YES;
				GCC_WARN_ABOUT_RETURN_TYPE = YES_ERROR;
				GCC_WARN_UNDECLARED_SELECTOR = YES;
				GCC_WARN_UNINITIALIZED_AUTOS = YES_AGGRESSIVE;
				GCC_WARN_UNUSED_FUNCTION = YES;
				GCC_WARN_UNUSED_VARIABLE = YES;
				LOCALIZATION_PREFERS_STRING_CATALOGS = YES;
				MACOSX_DEPLOYMENT_TARGET = 14.5;
				MTL_ENABLE_DEBUG_INFO = NO;
				MTL_FAST_MATH = YES;
				SDKROOT = macosx;
			};
			name = Release;
		};
		A259EDF42C5A6695005405FA /* Debug */ = {
			isa = XCBuildConfiguration;
			buildSettings = {
				CODE_SIGN_STYLE = Automatic;
				GCC_PREPROCESSOR_DEFINITIONS = (
					"DEBUG=1",
					"$(inherited)",
					GL_SILENCE_DEPRECATION,
				);
				PRODUCT_NAME = "$(TARGET_NAME)";
			};
			name = Debug;
		};
		A259EDF52C5A6695005405FA /* Release */ = {
			isa = XCBuildConfiguration;
			buildSettings = {
				CODE_SIGN_STYLE = Automatic;
				PRODUCT_NAME = "$(TARGET_NAME)";
			};
			name = Release;
		};
/* End XCBuildConfiguration section */

/* Begin XCConfigurationList section */
		A259EDE72C5A6695005405FA /* Build configuration list for PBXProject "BLOCKUS" */ = {
			isa = XCConfigurationList;
			buildConfigurations = (
				A259EDF12C5A6695005405FA /* Debug */,
				A259EDF22C5A6695005405FA /* Release */,
			);
			defaultConfigurationIsVisible = 0;
			defaultConfigurationName = Release;
		};
		A259EDF32C5A6695005405FA /* Build configuration list for PBXNativeTarget "BLOCKUS" */ = {
			isa = XCConfigurationList;
			buildConfigurations = (
				A259EDF42C5A6695005405FA /* Debug */,
				A259EDF52C5A6695005405FA /* Release */,
			);
			defaultConfigurationIsVisible = 0;
			defaultConfigurationName = Release;
		};
/* End XCConfigurationList section */
	};
	rootObject = A259EDE42C5A6695005405FA /* Project object */;
}
